
Microsoft Visual Studio Solution File, Format Version 12.00
# Visual Studio Version 17
VisualStudioVersion = 17.8.34309.116
MinimumVisualStudioVersion = 10.0.40219.1
Project("{FAE04EC0-301F-11D3-BF4B-00C04F79EFBC}") = "Fizzleon", "Fizzleon.csproj", "{4BEB0374-E205-446D-9E03-D30D9B380B14}"
EndProject
Global
	GlobalSection(SolutionConfigurationPlatforms) = preSolution
		Debug|Any CPU = Debug|Any CPU
		Release|Any CPU = Release|Any CPU
	EndGlobalSection
	GlobalSection(ProjectConfigurationPlatforms) = postSolution
		{4BEB0374-E205-446D-9E03-D30D9B380B14}.Debug|Any CPU.ActiveCfg = Debug|Any CPU
		{4BEB0374-E205-446D-9E03-D30D9B380B14}.Debug|Any CPU.Build.0 = Debug|Any CPU
		{4BEB0374-E205-446D-9E03-D30D9B380B14}.Release|Any CPU.ActiveCfg = Release|Any CPU
		{4BEB0374-E205-446D-9E03-D30D9B380B14}.Release|Any CPU.Build.0 = Release|Any CPU
	EndGlobalSection
	GlobalSection(SolutionProperties) = preSolution
		HideSolutionNode = FALSE
	EndGlobalSection
	GlobalSection(ExtensibilityGlobals) = postSolution
		SolutionGuid = {6F7DB649-AE23-43AE-978F-0E57F0FA812E}
	EndGlobalSection
EndGlobal
